
Microsoft Visual Studio Solution File, Format Version 12.00
# Visual Studio Version 17
VisualStudioVersion = 17.8.34511.84
MinimumVisualStudioVersion = 10.0.40219.1
Project("{FAE04EC0-301F-11D3-BF4B-00C04F79EFBC}") = "ConsoleApplication", "ConsoleApplication\ConsoleApplication.csproj", "{A366B17F-29A1-4E05-8C81-9C248E4238AA}"
EndProject
Project("{9A19103F-16F7-4668-BE54-9A1E7A4F7556}") = "ClassLibrary", "ClassLibrary\ClassLibrary.csproj", "{0F0F2CBB-3661-4174-887C-F1DAFD5EA395}"
EndProject
Global
	GlobalSection(SolutionConfigurationPlatforms) = preSolution
		Debug|Any CPU = Debug|Any CPU
		Release|Any CPU = Release|Any CPU
	EndGlobalSection
	GlobalSection(ProjectConfigurationPlatforms) = postSolution
		{A366B17F-29A1-4E05-8C81-9C248E4238AA}.Debug|Any CPU.ActiveCfg = Debug|Any CPU
		{A366B17F-29A1-4E05-8C81-9C248E4238AA}.Debug|Any CPU.Build.0 = Debug|Any CPU
		{A366B17F-29A1-4E05-8C81-9C248E4238AA}.Release|Any CPU.ActiveCfg = Release|Any CPU
		{A366B17F-29A1-4E05-8C81-9C248E4238AA}.Release|Any CPU.Build.0 = Release|Any CPU
		{0F0F2CBB-3661-4174-887C-F1DAFD5EA395}.Debug|Any CPU.ActiveCfg = Debug|Any CPU
		{0F0F2CBB-3661-4174-887C-F1DAFD5EA395}.Debug|Any CPU.Build.0 = Debug|Any CPU
		{0F0F2CBB-3661-4174-887C-F1DAFD5EA395}.Release|Any CPU.ActiveCfg = Release|Any CPU
		{0F0F2CBB-3661-4174-887C-F1DAFD5EA395}.Release|Any CPU.Build.0 = Release|Any CPU
	EndGlobalSection
	GlobalSection(SolutionProperties) = preSolution
		HideSolutionNode = FALSE
	EndGlobalSection
	GlobalSection(ExtensibilityGlobals) = postSolution
		SolutionGuid = {C5D6A4D1-0C55-4FA2-9BD4-135CFA788BBF}
	EndGlobalSection
EndGlobal
